
Microsoft Visual Studio Solution File, Format Version 12.00
# Visual Studio Version 17
VisualStudioVersion = 17.10.35013.160
MinimumVisualStudioVersion = 10.0.40219.1
Project("{FAE04EC0-301F-11D3-BF4B-00C04F79EFBC}") = "DemoQA.Testing", "DemoQA.Testing\DemoQA.Testing.csproj", "{847A8F90-E67D-4A83-93AC-8DE8699223FC}"
EndProject
Project("{FAE04EC0-301F-11D3-BF4B-00C04F79EFBC}") = "DemoQA.Core", "DemoQA.Core\DemoQA.Core.csproj", "{994AD373-CF9D-4D8D-A1A1-365C52025947}"
EndProject
Project("{FAE04EC0-301F-11D3-BF4B-00C04F79EFBC}") = "DemoQA.Service", "DemoQA.Service\DemoQA.Service.csproj", "{F1968EEB-8C08-48AD-A772-B829D4AD72A2}"
EndProject
Global
	GlobalSection(SolutionConfigurationPlatforms) = preSolution
		Debug|Any CPU = Debug|Any CPU
		Release|Any CPU = Release|Any CPU
	EndGlobalSection
	GlobalSection(ProjectConfigurationPlatforms) = postSolution
		{847A8F90-E67D-4A83-93AC-8DE8699223FC}.Debug|Any CPU.ActiveCfg = Debug|Any CPU
		{847A8F90-E67D-4A83-93AC-8DE8699223FC}.Debug|Any CPU.Build.0 = Debug|Any CPU
		{847A8F90-E67D-4A83-93AC-8DE8699223FC}.Release|Any CPU.ActiveCfg = Release|Any CPU
		{847A8F90-E67D-4A83-93AC-8DE8699223FC}.Release|Any CPU.Build.0 = Release|Any CPU
		{994AD373-CF9D-4D8D-A1A1-365C52025947}.Debug|Any CPU.ActiveCfg = Debug|Any CPU
		{994AD373-CF9D-4D8D-A1A1-365C52025947}.Debug|Any CPU.Build.0 = Debug|Any CPU
		{994AD373-CF9D-4D8D-A1A1-365C52025947}.Release|Any CPU.ActiveCfg = Release|Any CPU
		{994AD373-CF9D-4D8D-A1A1-365C52025947}.Release|Any CPU.Build.0 = Release|Any CPU
		{F1968EEB-8C08-48AD-A772-B829D4AD72A2}.Debug|Any CPU.ActiveCfg = Debug|Any CPU
		{F1968EEB-8C08-48AD-A772-B829D4AD72A2}.Debug|Any CPU.Build.0 = Debug|Any CPU
		{F1968EEB-8C08-48AD-A772-B829D4AD72A2}.Release|Any CPU.ActiveCfg = Release|Any CPU
		{F1968EEB-8C08-48AD-A772-B829D4AD72A2}.Release|Any CPU.Build.0 = Release|Any CPU
	EndGlobalSection
	GlobalSection(SolutionProperties) = preSolution
		HideSolutionNode = FALSE
	EndGlobalSection
	GlobalSection(ExtensibilityGlobals) = postSolution
		SolutionGuid = {091B9306-A2DC-4ED9-8108-33954DE3929F}
	EndGlobalSection
EndGlobal
